
Microsoft Visual Studio Solution File, Format Version 12.00
# Visual Studio Version 16
VisualStudioVersion = 16.0.34407.143
MinimumVisualStudioVersion = 10.0.40219.1
Project("{FAE04EC0-301F-11D3-BF4B-00C04F79EFBC}") = "AdoNetApp", "AdoNetApp\AdoNetApp.csproj", "{3387E165-CE6B-4D40-B86C-4AF2F0145F41}"
EndProject
Project("{FAE04EC0-301F-11D3-BF4B-00C04F79EFBC}") = "HR_DataAccessLogic_Connected_Libary", "HR_DataAccessLogic_Connected_Libary\HR_DataAccessLogic_Connected_Libary.csproj", "{A7056547-8E3A-4A10-A18D-4002E5ADCA33}"
EndProject
Global
	GlobalSection(SolutionConfigurationPlatforms) = preSolution
		Debug|Any CPU = Debug|Any CPU
		Release|Any CPU = Release|Any CPU
	EndGlobalSection
	GlobalSection(ProjectConfigurationPlatforms) = postSolution
		{3387E165-CE6B-4D40-B86C-4AF2F0145F41}.Debug|Any CPU.ActiveCfg = Debug|Any CPU
		{3387E165-CE6B-4D40-B86C-4AF2F0145F41}.Debug|Any CPU.Build.0 = Debug|Any CPU
		{3387E165-CE6B-4D40-B86C-4AF2F0145F41}.Release|Any CPU.ActiveCfg = Release|Any CPU
		{3387E165-CE6B-4D40-B86C-4AF2F0145F41}.Release|Any CPU.Build.0 = Release|Any CPU
		{A7056547-8E3A-4A10-A18D-4002E5ADCA33}.Debug|Any CPU.ActiveCfg = Debug|Any CPU
		{A7056547-8E3A-4A10-A18D-4002E5ADCA33}.Debug|Any CPU.Build.0 = Debug|Any CPU
		{A7056547-8E3A-4A10-A18D-4002E5ADCA33}.Release|Any CPU.ActiveCfg = Release|Any CPU
		{A7056547-8E3A-4A10-A18D-4002E5ADCA33}.Release|Any CPU.Build.0 = Release|Any CPU
	EndGlobalSection
	GlobalSection(SolutionProperties) = preSolution
		HideSolutionNode = FALSE
	EndGlobalSection
	GlobalSection(ExtensibilityGlobals) = postSolution
		SolutionGuid = {4B03406B-45D0-4000-AEB8-8EDB529A1AFA}
	EndGlobalSection
EndGlobal
